
Microsoft Visual Studio Solution File, Format Version 12.00
# Visual Studio Version 17
VisualStudioVersion = 17.5.33530.505
MinimumVisualStudioVersion = 10.0.40219.1
Project("{FAE04EC0-301F-11D3-BF4B-00C04F79EFBC}") = "LiveReplays", "LiveReplays\LiveReplays.csproj", "{B9BA5C52-8B10-4436-858D-0FF779621E1E}"
EndProject
Global
	GlobalSection(SolutionConfigurationPlatforms) = preSolution
		Debug|Any CPU = Debug|Any CPU
		Release|Any CPU = Release|Any CPU
	EndGlobalSection
	GlobalSection(ProjectConfigurationPlatforms) = postSolution
		{B9BA5C52-8B10-4436-858D-0FF779621E1E}.Debug|Any CPU.ActiveCfg = Debug|Any CPU
		{B9BA5C52-8B10-4436-858D-0FF779621E1E}.Debug|Any CPU.Build.0 = Debug|Any CPU
		{B9BA5C52-8B10-4436-858D-0FF779621E1E}.Release|Any CPU.ActiveCfg = Release|Any CPU
		{B9BA5C52-8B10-4436-858D-0FF779621E1E}.Release|Any CPU.Build.0 = Release|Any CPU
	EndGlobalSection
	GlobalSection(SolutionProperties) = preSolution
		HideSolutionNode = FALSE
	EndGlobalSection
	GlobalSection(ExtensibilityGlobals) = postSolution
		SolutionGuid = {3FBFF976-DCF7-49DD-A8E1-FC3F8AE791EF}
	EndGlobalSection
EndGlobal
